{
  "nodes": {
    "flake-parts": {
      "inputs": {
        "nixpkgs-lib": "nixpkgs-lib"
      },
      "locked": {
        "lastModified": 1754487366,
        "narHash": "sha256-pHYj8gUBapuUzKV/kN/tR3Zvqc7o6gdFB9XKXIp1SQ8=",
        "owner": "hercules-ci",
        "repo": "flake-parts",
        "rev": "af66ad14b28a127c5c0f3bbb298218fc63528a18",
        "type": "github"
      },
      "original": {
        "owner": "hercules-ci",
        "repo": "flake-parts",
        "type": "github"
      }
    },
    "home-manager": {
      "inputs": {
        "nixpkgs": [
          "nixpkgs"
        ]
      },
      "locked": {
        "lastModified": 1776009508,
        "narHash": "sha256-iHaRCLrPfhFbWpdJ5nDH30N/4xckLMBKmY3PE3abjGU=",
        "owner": "nix-community",
        "repo": "home-manager",
        "rev": "7832a664c40c98a2dcf45400f60d0f70f8b6fd19",
        "type": "github"
      },
      "original": {
        "owner": "nix-community",
        "ref": "master",
        "repo": "home-manager",
        "type": "github"
      }
    },
    "niri": {
      "inputs": {
        "niri-stable": "niri-stable",
        "niri-unstable": "niri-unstable",
        "nixpkgs": [
          "nixpkgs"
        ],
        "nixpkgs-stable": "nixpkgs-stable",
        "xwayland-satellite-stable": "xwayland-satellite-stable",
        "xwayland-satellite-unstable": "xwayland-satellite-unstable"
      },
      "locked": {
        "lastModified": 1775877135,
        "narHash": "sha256-nAqtUMy22olwyiOJB0CASVrbu5XB5+43GjlbIJ1KuvQ=",
        "owner": "sodiboo",
        "repo": "niri-flake",
        "rev": "f943da038fd668d435c2d17916577f295faa8839",
        "type": "github"
      },
      "original": {
        "owner": "sodiboo",
        "repo": "niri-flake",
        "type": "github"
      }
    },
    "niri-stable": {
      "flake": false,
      "locked": {
        "lastModified": 1756556321,
        "narHash": "sha256-RLD89dfjN0RVO86C/Mot0T7aduCygPGaYbog566F0Qo=",
        "owner": "YaLTeR",
        "repo": "niri",
        "rev": "01be0e65f4eb91a9cd624ac0b76aaeab765c7294",
        "type": "github"
      },
      "original": {
        "owner": "YaLTeR",
        "ref": "v25.08",
        "repo": "niri",
        "type": "github"
      }
    },
    "niri-unstable": {
      "flake": false,
      "locked": {
        "lastModified": 1775561155,
        "narHash": "sha256-TK2IrqQivRcwqJa0suZMbcsN17CtA8Uu0v7CDnLATb0=",
        "owner": "YaLTeR",
        "repo": "niri",
        "rev": "599db847f857b8a7ff78ce02f15acab5d5d9fee1",
        "type": "github"
      },
      "original": {
        "owner": "YaLTeR",
        "repo": "niri",
        "type": "github"
      }
    },
    "nixos-hardware": {
      "locked": {
        "lastModified": 1775490113,
        "narHash": "sha256-2ZBhDNZZwYkRmefK5XLOusCJHnoeKkoN95hoSGgMxWM=",
        "owner": "NixOS",
        "repo": "nixos-hardware",
        "rev": "c775c2772ba56e906cbeb4e0b2db19079ef11ff7",
        "type": "github"
      },
      "original": {
        "owner": "NixOS",
        "ref": "master",
        "repo": "nixos-hardware",
        "type": "github"
      }
    },
    "nixpkgs": {
      "locked": {
        "lastModified": 1775710090,
        "narHash": "sha256-ar3rofg+awPB8QXDaFJhJ2jJhu+KqN/PRCXeyuXR76E=",
        "owner": "NixOS",
        "repo": "nixpkgs",
        "rev": "4c1018dae018162ec878d42fec712642d214fdfa",
        "type": "github"
      },
      "original": {
        "owner": "NixOS",
        "ref": "nixos-unstable",
        "repo": "nixpkgs",
        "type": "github"
      }
    },
    "nixpkgs-lib": {
      "locked": {
        "lastModified": 1753579242,
        "narHash": "sha256-zvaMGVn14/Zz8hnp4VWT9xVnhc8vuL3TStRqwk22biA=",
        "owner": "nix-community",
        "repo": "nixpkgs.lib",
        "rev": "0f36c44e01a6129be94e3ade315a5883f0228a6e",
        "type": "github"
      },
      "original": {
        "owner": "nix-community",
        "repo": "nixpkgs.lib",
        "type": "github"
      }
    },
    "nixpkgs-stable": {
      "locked": {
        "lastModified": 1775811116,
        "narHash": "sha256-t+HZK42pB6N+i5RGbuy7Xluez/VvWbembBdvzsc23Ss=",
        "owner": "NixOS",
        "repo": "nixpkgs",
        "rev": "54170c54449ea4d6725efd30d719c5e505f1c10e",
        "type": "github"
      },
      "original": {
        "owner": "NixOS",
        "ref": "nixos-25.11",
        "repo": "nixpkgs",
        "type": "github"
      }
    },
    "nixpkgs_2": {
      "locked": {
        "lastModified": 1754340878,
        "narHash": "sha256-lgmUyVQL9tSnvvIvBp7x1euhkkCho7n3TMzgjdvgPoU=",
        "owner": "nixos",
        "repo": "nixpkgs",
        "rev": "cab778239e705082fe97bb4990e0d24c50924c04",
        "type": "github"
      },
      "original": {
        "owner": "nixos",
        "ref": "nixpkgs-unstable",
        "repo": "nixpkgs",
        "type": "github"
      }
    },
    "root": {
      "inputs": {
        "home-manager": "home-manager",
        "niri": "niri",
        "nixos-hardware": "nixos-hardware",
        "nixpkgs": "nixpkgs",
        "rust-overlay": "rust-overlay",
        "xdg-desktop-portal-termfilepickers": "xdg-desktop-portal-termfilepickers"
      }
    },
    "rust-overlay": {
      "inputs": {
        "nixpkgs": [
          "nixpkgs"
        ]
      },
      "locked": {
        "lastModified": 1775963625,
        "narHash": "sha256-OmwF0Rd/HDbEGC0ZcBS2jPMvmCcn3HDqUypjXrR7KfM=",
        "owner": "oxalica",
        "repo": "rust-overlay",
        "rev": "573a61faa8ec910a6b8576cc3c145844245574f3",
        "type": "github"
      },
      "original": {
        "owner": "oxalica",
        "repo": "rust-overlay",
        "type": "github"
      }
    },
    "treefmt-nix": {
      "inputs": {
        "nixpkgs": "nixpkgs_2"
      },
      "locked": {
        "lastModified": 1755934250,
        "narHash": "sha256-CsDojnMgYsfshQw3t4zjRUkmMmUdZGthl16bXVWgRYU=",
        "owner": "numtide",
        "repo": "treefmt-nix",
        "rev": "74e1a52d5bd9430312f8d1b8b0354c92c17453e5",
        "type": "github"
      },
      "original": {
        "owner": "numtide",
        "repo": "treefmt-nix",
        "type": "github"
      }
    },
    "xdg-desktop-portal-termfilepickers": {
      "inputs": {
        "flake-parts": "flake-parts",
        "nixpkgs": [
          "nixpkgs"
        ],
        "treefmt-nix": "treefmt-nix"
      },
      "locked": {
        "lastModified": 1771770964,
        "narHash": "sha256-NNVfIgtvbgwHP2mD7YJTCx/F8/XXcrlcoDvXBfFUBec=",
        "owner": "Guekka",
        "repo": "xdg-desktop-portal-termfilepickers",
        "rev": "5b526e0e33fd4f4eef4d4c40e9e418a419df0b61",
        "type": "github"
      },
      "original": {
        "owner": "Guekka",
        "repo": "xdg-desktop-portal-termfilepickers",
        "type": "github"
      }
    },
    "xwayland-satellite-stable": {
      "flake": false,
      "locked": {
        "lastModified": 1755491097,
        "narHash": "sha256-m+9tUfsmBeF2Gn4HWa6vSITZ4Gz1eA1F5Kh62B0N4oE=",
        "owner": "Supreeeme",
        "repo": "xwayland-satellite",
        "rev": "388d291e82ffbc73be18169d39470f340707edaa",
        "type": "github"
      },
      "original": {
        "owner": "Supreeeme",
        "ref": "v0.7",
        "repo": "xwayland-satellite",
        "type": "github"
      }
    },
    "xwayland-satellite-unstable": {
      "flake": false,
      "locked": {
        "lastModified": 1773622265,
        "narHash": "sha256-wToKwH7IgWdGLMSIWksEDs4eumR6UbbsuPQ42r0oTXQ=",
        "owner": "Supreeeme",
        "repo": "xwayland-satellite",
        "rev": "a879e5e0896a326adc79c474bf457b8b99011027",
        "type": "github"
      },
      "original": {
        "owner": "Supreeeme",
        "repo": "xwayland-satellite",
        "type": "github"
      }
    }
  },
  "root": "root",
  "version": 7
}
